
Microsoft Visual Studio Solution File, Format Version 12.00
# Visual Studio Version 17
VisualStudioVersion = 17.4.33213.308
MinimumVisualStudioVersion = 10.0.40219.1
Project("{9A19103F-16F7-4668-BE54-9A1E7A4F7556}") = "workshop1", "workshop1\workshop1.csproj", "{486EF230-3C75-4A15-938F-8A556B968862}"
EndProject
Project("{FAE04EC0-301F-11D3-BF4B-00C04F79EFBC}") = "WorkshopTests", "WorkshopTests\WorkshopTests.csproj", "{ABBBD0E3-987C-4483-B6E4-C9F7CA8CEA44}"
EndProject
Global
	GlobalSection(SolutionConfigurationPlatforms) = preSolution
		Debug|Any CPU = Debug|Any CPU
		Release|Any CPU = Release|Any CPU
	EndGlobalSection
	GlobalSection(ProjectConfigurationPlatforms) = postSolution
		{486EF230-3C75-4A15-938F-8A556B968862}.Debug|Any CPU.ActiveCfg = Debug|Any CPU
		{486EF230-3C75-4A15-938F-8A556B968862}.Debug|Any CPU.Build.0 = Debug|Any CPU
		{486EF230-3C75-4A15-938F-8A556B968862}.Release|Any CPU.ActiveCfg = Release|Any CPU
		{486EF230-3C75-4A15-938F-8A556B968862}.Release|Any CPU.Build.0 = Release|Any CPU
		{ABBBD0E3-987C-4483-B6E4-C9F7CA8CEA44}.Debug|Any CPU.ActiveCfg = Debug|Any CPU
		{ABBBD0E3-987C-4483-B6E4-C9F7CA8CEA44}.Debug|Any CPU.Build.0 = Debug|Any CPU
		{ABBBD0E3-987C-4483-B6E4-C9F7CA8CEA44}.Release|Any CPU.ActiveCfg = Release|Any CPU
		{ABBBD0E3-987C-4483-B6E4-C9F7CA8CEA44}.Release|Any CPU.Build.0 = Release|Any CPU
	EndGlobalSection
	GlobalSection(SolutionProperties) = preSolution
		HideSolutionNode = FALSE
	EndGlobalSection
	GlobalSection(ExtensibilityGlobals) = postSolution
		SolutionGuid = {5455B86D-3C22-4A7E-9185-DA70D6A2D3A2}
	EndGlobalSection
EndGlobal
